
Microsoft Visual Studio Solution File, Format Version 12.00
Project("{FAE04EC0-301F-11D3-BF4B-00C04F79EFBC}") = "Calculator", "Calculator\Calculator.csproj", "{DEBC15AA-B0EF-4A64-9F33-7B859F8C4941}"
EndProject
Project("{FAE04EC0-301F-11D3-BF4B-00C04F79EFBC}") = "CalculatorTester", "CalculatorTester\CalculatorTester.csproj", "{3C1DB048-8B3F-4AF8-949C-3C055D89A523}"
EndProject
Global
	GlobalSection(SolutionConfigurationPlatforms) = preSolution
		Debug|Any CPU = Debug|Any CPU
		Release|Any CPU = Release|Any CPU
	EndGlobalSection
	GlobalSection(ProjectConfigurationPlatforms) = postSolution
		{DEBC15AA-B0EF-4A64-9F33-7B859F8C4941}.Debug|Any CPU.ActiveCfg = Debug|Any CPU
		{DEBC15AA-B0EF-4A64-9F33-7B859F8C4941}.Debug|Any CPU.Build.0 = Debug|Any CPU
		{DEBC15AA-B0EF-4A64-9F33-7B859F8C4941}.Release|Any CPU.ActiveCfg = Release|Any CPU
		{DEBC15AA-B0EF-4A64-9F33-7B859F8C4941}.Release|Any CPU.Build.0 = Release|Any CPU
		{3C1DB048-8B3F-4AF8-949C-3C055D89A523}.Debug|Any CPU.ActiveCfg = Debug|Any CPU
		{3C1DB048-8B3F-4AF8-949C-3C055D89A523}.Debug|Any CPU.Build.0 = Debug|Any CPU
		{3C1DB048-8B3F-4AF8-949C-3C055D89A523}.Release|Any CPU.ActiveCfg = Release|Any CPU
		{3C1DB048-8B3F-4AF8-949C-3C055D89A523}.Release|Any CPU.Build.0 = Release|Any CPU
	EndGlobalSection
EndGlobal
